{
  "nodes": {
    "glsl-shader-effects": {
      "inputs": {
        "nixpkgs": "nixpkgs"
      },
      "locked": {
        "dir": "images/glsl-shader-effects",
        "lastModified": 1756407667,
        "narHash": "sha256-bcFWqUIZBYwuAYUnhXNnA+5mZsHV5TPfOiBPmFtzQqA=",
        "owner": "badele",
        "repo": "awesome-scripts",
        "rev": "0c170c631080b6bb3f31fc25bba952a3d3846a9e",
        "type": "github"
      },
      "original": {
        "dir": "images/glsl-shader-effects",
        "owner": "badele",
        "repo": "awesome-scripts",
        "type": "github"
      }
    },
    "nixpkgs": {
      "locked": {
        "lastModified": 1739214665,
        "narHash": "sha256-26L8VAu3/1YRxS8MHgBOyOM8xALdo6N0I04PgorE7UM=",
        "owner": "NixOS",
        "repo": "nixpkgs",
        "rev": "64e75cd44acf21c7933d61d7721e812eac1b5a0a",
        "type": "github"
      },
      "original": {
        "owner": "NixOS",
        "ref": "nixos-unstable",
        "repo": "nixpkgs",
        "type": "github"
      }
    },
    "nixpkgs_2": {
      "locked": {
        "lastModified": 1756266583,
        "narHash": "sha256-cr748nSmpfvnhqSXPiCfUPxRz2FJnvf/RjJGvFfaCsM=",
        "owner": "NixOS",
        "repo": "nixpkgs",
        "rev": "8a6d5427d99ec71c64f0b93d45778c889005d9c2",
        "type": "github"
      },
      "original": {
        "owner": "NixOS",
        "ref": "nixos-unstable",
        "repo": "nixpkgs",
        "type": "github"
      }
    },
    "nixpkgs_3": {
      "locked": {
        "lastModified": 1756266583,
        "narHash": "sha256-cr748nSmpfvnhqSXPiCfUPxRz2FJnvf/RjJGvFfaCsM=",
        "owner": "NixOS",
        "repo": "nixpkgs",
        "rev": "8a6d5427d99ec71c64f0b93d45778c889005d9c2",
        "type": "github"
      },
      "original": {
        "owner": "NixOS",
        "ref": "nixos-unstable",
        "repo": "nixpkgs",
        "type": "github"
      }
    },
    "root": {
      "inputs": {
        "glsl-shader-effects": "glsl-shader-effects",
        "nixpkgs": "nixpkgs_2",
        "tones-generator": "tones-generator"
      }
    },
    "tones-generator": {
      "inputs": {
        "nixpkgs": "nixpkgs_3"
      },
      "locked": {
        "dir": "images/tones-generator",
        "lastModified": 1756407667,
        "narHash": "sha256-bcFWqUIZBYwuAYUnhXNnA+5mZsHV5TPfOiBPmFtzQqA=",
        "owner": "badele",
        "repo": "awesome-scripts",
        "rev": "0c170c631080b6bb3f31fc25bba952a3d3846a9e",
        "type": "github"
      },
      "original": {
        "dir": "images/tones-generator",
        "owner": "badele",
        "repo": "awesome-scripts",
        "type": "github"
      }
    }
  },
  "root": "root",
  "version": 7
}
